PODS:
  - Alamofire (5.8.1)
  - Realm (10.43.1):
    - Realm/Headers (= 10.43.1)
  - Realm/Headers (10.43.1)
  - RealmSwift (10.43.1):
    - Realm (= 10.43.1)
  - SwiftyJSON (5.0.1)

DEPENDENCIES:
  - Alamofire (~> 5.2)
  - RealmSwift
  - SwiftyJSON

SPEC REPOS:
  trunk:
    - Alamofire
    - Realm
    - RealmSwift
    - SwiftyJSON

SPEC CHECKSUMS:
  Alamofire: 3ca42e259043ee0dc5c0cdd76c4bc568b8e42af7
  Realm: d97b438de77459e443bd2c8ad5ca0f95107aee4b
  RealmSwift: 6be3f27a7fd3f5cc8f99f4b187cc4e7150299e32
  SwiftyJSON: 2f33a42c6fbc52764d96f13368585094bfd8aa5e

PODFILE CHECKSUM: 84b25383170582afb41488d2150c088182a61c1f

COCOAPODS: 1.11.3
